
Microsoft Visual Studio Solution File, Format Version 12.00
# Visual Studio Version 16
VisualStudioVersion = 16.0.32510.428
MinimumVisualStudioVersion = 10.0.40219.1
Project("{FAE04EC0-301F-11D3-BF4B-00C04F79EFBC}") = "StackOverflowProject", "StackOverflowProject\StackOverflowProject.csproj", "{5539795C-84D1-45AF-9BFE-82EB5AF23EE1}"
EndProject
Project("{FAE04EC0-301F-11D3-BF4B-00C04F79EFBC}") = "StackOverflowProject.DomainModels", "StackOverflowProject.DomainModels\StackOverflowProject.DomainModels.csproj", "{583A867C-C4C6-4BEE-9B75-BF36110D1AB5}"
EndProject
Project("{FAE04EC0-301F-11D3-BF4B-00C04F79EFBC}") = "StackOverflowProject.ViewModels", "StackOverflowProject.ViewModels\StackOverflowProject.ViewModels.csproj", "{37473379-CF68-4E39-B9B0-D7C10FCA0935}"
EndProject
Project("{FAE04EC0-301F-11D3-BF4B-00C04F79EFBC}") = "StackOverflowProject.Repositories", "StackOverflowProject.Repositories\StackOverflowProject.Repositories.csproj", "{1A176253-DEAA-4F33-A0F3-16D5FEA9CE3E}"
EndProject
Project("{FAE04EC0-301F-11D3-BF4B-00C04F79EFBC}") = "StackOverflowProject.ServiceLayer", "StackOverflowProject.ServiceLayer\StackOverflowProject.ServiceLayer.csproj", "{CCA82E71-1676-4EE6-B4D3-D35F647177A7}"
EndProject
Global
	GlobalSection(SolutionConfigurationPlatforms) = preSolution
		Debug|Any CPU = Debug|Any CPU
		Release|Any CPU = Release|Any CPU
	EndGlobalSection
	GlobalSection(ProjectConfigurationPlatforms) = postSolution
		{5539795C-84D1-45AF-9BFE-82EB5AF23EE1}.Debug|Any CPU.ActiveCfg = Debug|Any CPU
		{5539795C-84D1-45AF-9BFE-82EB5AF23EE1}.Debug|Any CPU.Build.0 = Debug|Any CPU
		{5539795C-84D1-45AF-9BFE-82EB5AF23EE1}.Release|Any CPU.ActiveCfg = Release|Any CPU
		{5539795C-84D1-45AF-9BFE-82EB5AF23EE1}.Release|Any CPU.Build.0 = Release|Any CPU
		{583A867C-C4C6-4BEE-9B75-BF36110D1AB5}.Debug|Any CPU.ActiveCfg = Debug|Any CPU
		{583A867C-C4C6-4BEE-9B75-BF36110D1AB5}.Debug|Any CPU.Build.0 = Debug|Any CPU
		{583A867C-C4C6-4BEE-9B75-BF36110D1AB5}.Release|Any CPU.ActiveCfg = Release|Any CPU
		{583A867C-C4C6-4BEE-9B75-BF36110D1AB5}.Release|Any CPU.Build.0 = Release|Any CPU
		{37473379-CF68-4E39-B9B0-D7C10FCA0935}.Debug|Any CPU.ActiveCfg = Debug|Any CPU
		{37473379-CF68-4E39-B9B0-D7C10FCA0935}.Debug|Any CPU.Build.0 = Debug|Any CPU
		{37473379-CF68-4E39-B9B0-D7C10FCA0935}.Release|Any CPU.ActiveCfg = Release|Any CPU
		{37473379-CF68-4E39-B9B0-D7C10FCA0935}.Release|Any CPU.Build.0 = Release|Any CPU
		{1A176253-DEAA-4F33-A0F3-16D5FEA9CE3E}.Debug|Any CPU.ActiveCfg = Debug|Any CPU
		{1A176253-DEAA-4F33-A0F3-16D5FEA9CE3E}.Debug|Any CPU.Build.0 = Debug|Any CPU
		{1A176253-DEAA-4F33-A0F3-16D5FEA9CE3E}.Release|Any CPU.ActiveCfg = Release|Any CPU
		{1A176253-DEAA-4F33-A0F3-16D5FEA9CE3E}.Release|Any CPU.Build.0 = Release|Any CPU
		{CCA82E71-1676-4EE6-B4D3-D35F647177A7}.Debug|Any CPU.ActiveCfg = Debug|Any CPU
		{CCA82E71-1676-4EE6-B4D3-D35F647177A7}.Debug|Any CPU.Build.0 = Debug|Any CPU
		{CCA82E71-1676-4EE6-B4D3-D35F647177A7}.Release|Any CPU.ActiveCfg = Release|Any CPU
		{CCA82E71-1676-4EE6-B4D3-D35F647177A7}.Release|Any CPU.Build.0 = Release|Any CPU
	EndGlobalSection
	GlobalSection(SolutionProperties) = preSolution
		HideSolutionNode = FALSE
	EndGlobalSection
	GlobalSection(ExtensibilityGlobals) = postSolution
		SolutionGuid = {60656BF8-3FEE-4FA1-8BA8-7BF2D920978D}
	EndGlobalSection
EndGlobal
